
Microsoft Visual Studio Solution File, Format Version 12.00
# Visual Studio Version 17
VisualStudioVersion = 17.0.31912.275
MinimumVisualStudioVersion = 10.0.40219.1
Project("{FAE04EC0-301F-11D3-BF4B-00C04F79EFBC}") = "Minips2", "Minips2\Minips2.csproj", "{612CEE26-7F44-4A6C-83E9-BEB27782EB61}"
EndProject
Project("{FAE04EC0-301F-11D3-BF4B-00C04F79EFBC}") = "Minips2.Tests", "Minips2.Tests\Minips2.Tests.csproj", "{011C260E-50C1-40AD-8994-6920B2419616}"
EndProject
Global
	GlobalSection(SolutionConfigurationPlatforms) = preSolution
		Debug|Any CPU = Debug|Any CPU
		Release|Any CPU = Release|Any CPU
	EndGlobalSection
	GlobalSection(ProjectConfigurationPlatforms) = postSolution
		{612CEE26-7F44-4A6C-83E9-BEB27782EB61}.Debug|Any CPU.ActiveCfg = Debug|Any CPU
		{612CEE26-7F44-4A6C-83E9-BEB27782EB61}.Debug|Any CPU.Build.0 = Debug|Any CPU
		{612CEE26-7F44-4A6C-83E9-BEB27782EB61}.Release|Any CPU.ActiveCfg = Release|Any CPU
		{612CEE26-7F44-4A6C-83E9-BEB27782EB61}.Release|Any CPU.Build.0 = Release|Any CPU
		{011C260E-50C1-40AD-8994-6920B2419616}.Debug|Any CPU.ActiveCfg = Debug|Any CPU
		{011C260E-50C1-40AD-8994-6920B2419616}.Debug|Any CPU.Build.0 = Debug|Any CPU
		{011C260E-50C1-40AD-8994-6920B2419616}.Release|Any CPU.ActiveCfg = Release|Any CPU
		{011C260E-50C1-40AD-8994-6920B2419616}.Release|Any CPU.Build.0 = Release|Any CPU
	EndGlobalSection
	GlobalSection(SolutionProperties) = preSolution
		HideSolutionNode = FALSE
	EndGlobalSection
	GlobalSection(ExtensibilityGlobals) = postSolution
		SolutionGuid = {03CC6DFB-42E5-4365-B43C-53B86F275AFA}
	EndGlobalSection
EndGlobal
